
Microsoft Visual Studio Solution File, Format Version 12.00
# Visual Studio Version 16
VisualStudioVersion = 16.0.31205.134
MinimumVisualStudioVersion = 10.0.40219.1
Project("{FAE04EC0-301F-11D3-BF4B-00C04F79EFBC}") = "SSundaram-DeckOfCards", "SSundaram-DeckOfCards\SSundaram-DeckOfCards.csproj", "{61917705-4DC4-408D-BCA2-444E03A0BA74}"
EndProject
Project("{FAE04EC0-301F-11D3-BF4B-00C04F79EFBC}") = "SSundaram-DeckOfCards-Tests", "SSundaram-DeckOfCards-Tests\SSundaram-DeckOfCards-Tests.csproj", "{C34DD8D5-CFD0-42F3-88EA-BEB879B44339}"
EndProject
Global
	GlobalSection(SolutionConfigurationPlatforms) = preSolution
		Debug|Any CPU = Debug|Any CPU
		Release|Any CPU = Release|Any CPU
	EndGlobalSection
	GlobalSection(ProjectConfigurationPlatforms) = postSolution
		{61917705-4DC4-408D-BCA2-444E03A0BA74}.Debug|Any CPU.ActiveCfg = Debug|Any CPU
		{61917705-4DC4-408D-BCA2-444E03A0BA74}.Debug|Any CPU.Build.0 = Debug|Any CPU
		{61917705-4DC4-408D-BCA2-444E03A0BA74}.Release|Any CPU.ActiveCfg = Release|Any CPU
		{61917705-4DC4-408D-BCA2-444E03A0BA74}.Release|Any CPU.Build.0 = Release|Any CPU
		{C34DD8D5-CFD0-42F3-88EA-BEB879B44339}.Debug|Any CPU.ActiveCfg = Debug|Any CPU
		{C34DD8D5-CFD0-42F3-88EA-BEB879B44339}.Debug|Any CPU.Build.0 = Debug|Any CPU
		{C34DD8D5-CFD0-42F3-88EA-BEB879B44339}.Release|Any CPU.ActiveCfg = Release|Any CPU
		{C34DD8D5-CFD0-42F3-88EA-BEB879B44339}.Release|Any CPU.Build.0 = Release|Any CPU
	EndGlobalSection
	GlobalSection(SolutionProperties) = preSolution
		HideSolutionNode = FALSE
	EndGlobalSection
	GlobalSection(ExtensibilityGlobals) = postSolution
		SolutionGuid = {7DBBFC60-921E-45B9-83C8-B565F5746CF9}
	EndGlobalSection
EndGlobal
